
Microsoft Visual Studio Solution File, Format Version 12.00
# Visual Studio 14
VisualStudioVersion = 14.0.25420.1
MinimumVisualStudioVersion = 10.0.40219.1
Project("{FAE04EC0-301F-11D3-BF4B-00C04F79EFBC}") = "PIWeatherXamarinApp", "PIWeatherXamarinApp\PIWeatherXamarinApp\PIWeatherXamarinApp.csproj", "{FA265EAD-3C40-4BF2-98C8-D903EACAE2FC}"
EndProject
Project("{FAE04EC0-301F-11D3-BF4B-00C04F79EFBC}") = "PIWeatherXamarinApp.Droid", "PIWeatherXamarinApp\PIWeatherXamarinApp.Droid\PIWeatherXamarinApp.Droid.csproj", "{8C50427D-6C50-4B21-AA75-9DC2AD9E69E6}"
EndProject
Project("{FAE04EC0-301F-11D3-BF4B-00C04F79EFBC}") = "PIWeatherXamarinApp.iOS", "PIWeatherXamarinApp\PIWeatherXamarinApp.iOS\PIWeatherXamarinApp.iOS.csproj", "{C0E1D0E2-39EC-466A-A10C-704DE003AA61}"
EndProject
Project("{FAE04EC0-301F-11D3-BF4B-00C04F79EFBC}") = "PIWeatherXamarinApp.WinPhone", "PIWeatherXamarinApp\PIWeatherXamarinApp.WinPhone\PIWeatherXamarinApp.WinPhone.csproj", "{BB8238C3-399C-49FF-81B7-0BB171D1BF7F}"
EndProject
Project("{FAE04EC0-301F-11D3-BF4B-00C04F79EFBC}") = "PIWeatherXamarinApp.Windows", "PIWeatherXamarinApp\PIWeatherXamarinApp.Windows\PIWeatherXamarinApp.Windows.csproj", "{FFEA0262-1637-4522-9E8A-FEE3F59A3AE2}"
EndProject
Global
	GlobalSection(SolutionConfigurationPlatforms) = preSolution
		Ad-Hoc|Any CPU = Ad-Hoc|Any CPU
		Ad-Hoc|ARM = Ad-Hoc|ARM
		Ad-Hoc|iPhone = Ad-Hoc|iPhone
		Ad-Hoc|iPhoneSimulator = Ad-Hoc|iPhoneSimulator
		Ad-Hoc|x64 = Ad-Hoc|x64
		Ad-Hoc|x86 = Ad-Hoc|x86
		AppStore|Any CPU = AppStore|Any CPU
		AppStore|ARM = AppStore|ARM
		AppStore|iPhone = AppStore|iPhone
		AppStore|iPhoneSimulator = AppStore|iPhoneSimulator
		AppStore|x64 = AppStore|x64
		AppStore|x86 = AppStore|x86
		Debug|Any CPU = Debug|Any CPU
		Debug|ARM = Debug|ARM
		Debug|iPhone = Debug|iPhone
		Debug|iPhoneSimulator = Debug|iPhoneSimulator
		Debug|x64 = Debug|x64
		Debug|x86 = Debug|x86
		Release|Any CPU = Release|Any CPU
		Release|ARM = Release|ARM
		Release|iPhone = Release|iPhone
		Release|iPhoneSimulator = Release|iPhoneSimulator
		Release|x64 = Release|x64
		Release|x86 = Release|x86
	EndGlobalSection
	GlobalSection(ProjectConfigurationPlatforms) = postSolution
		{FA265EAD-3C40-4BF2-98C8-D903EACAE2FC}.Ad-Hoc|Any CPU.ActiveCfg = Release|Any CPU
		{FA265EAD-3C40-4BF2-98C8-D903EACAE2FC}.Ad-Hoc|Any CPU.Build.0 = Release|Any CPU
		{FA265EAD-3C40-4BF2-98C8-D903EACAE2FC}.Ad-Hoc|ARM.ActiveCfg = Release|Any CPU
		{FA265EAD-3C40-4BF2-98C8-D903EACAE2FC}.Ad-Hoc|ARM.Build.0 = Release|Any CPU
		{FA265EAD-3C40-4BF2-98C8-D903EACAE2FC}.Ad-Hoc|iPhone.ActiveCfg = Release|Any CPU
		{FA265EAD-3C40-4BF2-98C8-D903EACAE2FC}.Ad-Hoc|iPhone.Build.0 = Release|Any CPU
		{FA265EAD-3C40-4BF2-98C8-D903EACAE2FC}.Ad-Hoc|iPhoneSimulator.ActiveCfg = Release|Any CPU
		{FA265EAD-3C40-4BF2-98C8-D903EACAE2FC}.Ad-Hoc|iPhoneSimulator.Build.0 = Release|Any CPU
		{FA265EAD-3C40-4BF2-98C8-D903EACAE2FC}.Ad-Hoc|x64.ActiveCfg = Release|Any CPU
		{FA265EAD-3C40-4BF2-98C8-D903EACAE2FC}.Ad-Hoc|x64.Build.0 = Release|Any CPU
		{FA265EAD-3C40-4BF2-98C8-D903EACAE2FC}.Ad-Hoc|x86.ActiveCfg = Release|Any CPU
		{FA265EAD-3C40-4BF2-98C8-D903EACAE2FC}.Ad-Hoc|x86.Build.0 = Release|Any CPU
		{FA265EAD-3C40-4BF2-98C8-D903EACAE2FC}.AppStore|Any CPU.ActiveCfg = Release|Any CPU
		{FA265EAD-3C40-4BF2-98C8-D903EACAE2FC}.AppStore|Any CPU.Build.0 = Release|Any CPU
		{FA265EAD-3C40-4BF2-98C8-D903EACAE2FC}.AppStore|ARM.ActiveCfg = Release|Any CPU
		{FA265EAD-3C40-4BF2-98C8-D903EACAE2FC}.AppStore|ARM.Build.0 = Release|Any CPU
		{FA265EAD-3C40-4BF2-98C8-D903EACAE2FC}.AppStore|iPhone.ActiveCfg = Release|Any CPU
		{FA265EAD-3C40-4BF2-98C8-D903EACAE2FC}.AppStore|iPhone.Build.0 = Release|Any CPU
		{FA265EAD-3C40-4BF2-98C8-D903EACAE2FC}.AppStore|iPhoneSimulator.ActiveCfg = Release|Any CPU
		{FA265EAD-3C40-4BF2-98C8-D903EACAE2FC}.AppStore|iPhoneSimulator.Build.0 = Release|Any CPU
		{FA265EAD-3C40-4BF2-98C8-D903EACAE2FC}.AppStore|x64.ActiveCfg = Release|Any CPU
		{FA265EAD-3C40-4BF2-98C8-D903EACAE2FC}.AppStore|x64.Build.0 = Release|Any CPU
		{FA265EAD-3C40-4BF2-98C8-D903EACAE2FC}.AppStore|x86.ActiveCfg = Release|Any CPU
		{FA265EAD-3C40-4BF2-98C8-D903EACAE2FC}.AppStore|x86.Build.0 = Release|Any CPU
		{FA265EAD-3C40-4BF2-98C8-D903EACAE2FC}.Debug|Any CPU.ActiveCfg = Debug|Any CPU
		{FA265EAD-3C40-4BF2-98C8-D903EACAE2FC}.Debug|Any CPU.Build.0 = Debug|Any CPU
		{FA265EAD-3C40-4BF2-98C8-D903EACAE2FC}.Debug|ARM.ActiveCfg = Debug|Any CPU
		{FA265EAD-3C40-4BF2-98C8-D903EACAE2FC}.Debug|ARM.Build.0 = Debug|Any CPU
		{FA265EAD-3C40-4BF2-98C8-D903EACAE2FC}.Debug|iPhone.ActiveCfg = Debug|Any CPU
		{FA265EAD-3C40-4BF2-98C8-D903EACAE2FC}.Debug|iPhone.Build.0 = Debug|Any CPU
		{FA265EAD-3C40-4BF2-98C8-D903EACAE2FC}.Debug|iPhoneSimulator.ActiveCfg = Debug|Any CPU
		{FA265EAD-3C40-4BF2-98C8-D903EACAE2FC}.Debug|iPhoneSimulator.Build.0 = Debug|Any CPU
		{FA265EAD-3C40-4BF2-98C8-D903EACAE2FC}.Debug|x64.ActiveCfg = Debug|Any CPU
		{FA265EAD-3C40-4BF2-98C8-D903EACAE2FC}.Debug|x64.Build.0 = Debug|Any CPU
		{FA265EAD-3C40-4BF2-98C8-D903EACAE2FC}.Debug|x86.ActiveCfg = Debug|Any CPU
		{FA265EAD-3C40-4BF2-98C8-D903EACAE2FC}.Debug|x86.Build.0 = Debug|Any CPU
		{FA265EAD-3C40-4BF2-98C8-D903EACAE2FC}.Release|Any CPU.ActiveCfg = Release|Any CPU
		{FA265EAD-3C40-4BF2-98C8-D903EACAE2FC}.Release|Any CPU.Build.0 = Release|Any CPU
		{FA265EAD-3C40-4BF2-98C8-D903EACAE2FC}.Release|ARM.ActiveCfg = Release|Any CPU
		{FA265EAD-3C40-4BF2-98C8-D903EACAE2FC}.Release|ARM.Build.0 = Release|Any CPU
		{FA265EAD-3C40-4BF2-98C8-D903EACAE2FC}.Release|iPhone.ActiveCfg = Release|Any CPU
		{FA265EAD-3C40-4BF2-98C8-D903EACAE2FC}.Release|iPhone.Build.0 = Release|Any CPU
		{FA265EAD-3C40-4BF2-98C8-D903EACAE2FC}.Release|iPhoneSimulator.ActiveCfg = Release|Any CPU
		{FA265EAD-3C40-4BF2-98C8-D903EACAE2FC}.Release|iPhoneSimulator.Build.0 = Release|Any CPU
		{FA265EAD-3C40-4BF2-98C8-D903EACAE2FC}.Release|x64.ActiveCfg = Release|Any CPU
		{FA265EAD-3C40-4BF2-98C8-D903EACAE2FC}.Release|x64.Build.0 = Release|Any CPU
		{FA265EAD-3C40-4BF2-98C8-D903EACAE2FC}.Release|x86.ActiveCfg = Release|Any CPU
		{FA265EAD-3C40-4BF2-98C8-D903EACAE2FC}.Release|x86.Build.0 = Release|Any CPU
		{8C50427D-6C50-4B21-AA75-9DC2AD9E69E6}.Ad-Hoc|Any CPU.ActiveCfg = Release|Any CPU
		{8C50427D-6C50-4B21-AA75-9DC2AD9E69E6}.Ad-Hoc|Any CPU.Build.0 = Release|Any CPU
		{8C50427D-6C50-4B21-AA75-9DC2AD9E69E6}.Ad-Hoc|Any CPU.Deploy.0 = Release|Any CPU
		{8C50427D-6C50-4B21-AA75-9DC2AD9E69E6}.Ad-Hoc|ARM.ActiveCfg = Release|Any CPU
		{8C50427D-6C50-4B21-AA75-9DC2AD9E69E6}.Ad-Hoc|ARM.Build.0 = Release|Any CPU
		{8C50427D-6C50-4B21-AA75-9DC2AD9E69E6}.Ad-Hoc|ARM.Deploy.0 = Release|Any CPU
		{8C50427D-6C50-4B21-AA75-9DC2AD9E69E6}.Ad-Hoc|iPhone.ActiveCfg = Release|Any CPU
		{8C50427D-6C50-4B21-AA75-9DC2AD9E69E6}.Ad-Hoc|iPhone.Build.0 = Release|Any CPU
		{8C50427D-6C50-4B21-AA75-9DC2AD9E69E6}.Ad-Hoc|iPhone.Deploy.0 = Release|Any CPU
		{8C50427D-6C50-4B21-AA75-9DC2AD9E69E6}.Ad-Hoc|iPhoneSimulator.ActiveCfg = Release|Any CPU
		{8C50427D-6C50-4B21-AA75-9DC2AD9E69E6}.Ad-Hoc|iPhoneSimulator.Build.0 = Release|Any CPU
		{8C50427D-6C50-4B21-AA75-9DC2AD9E69E6}.Ad-Hoc|iPhoneSimulator.Deploy.0 = Release|Any CPU
		{8C50427D-6C50-4B21-AA75-9DC2AD9E69E6}.Ad-Hoc|x64.ActiveCfg = Release|Any CPU
		{8C50427D-6C50-4B21-AA75-9DC2AD9E69E6}.Ad-Hoc|x64.Build.0 = Release|Any CPU
		{8C50427D-6C50-4B21-AA75-9DC2AD9E69E6}.Ad-Hoc|x64.Deploy.0 = Release|Any CPU
		{8C50427D-6C50-4B21-AA75-9DC2AD9E69E6}.Ad-Hoc|x86.ActiveCfg = Release|Any CPU
		{8C50427D-6C50-4B21-AA75-9DC2AD9E69E6}.Ad-Hoc|x86.Build.0 = Release|Any CPU
		{8C50427D-6C50-4B21-AA75-9DC2AD9E69E6}.Ad-Hoc|x86.Deploy.0 = Release|Any CPU
		{8C50427D-6C50-4B21-AA75-9DC2AD9E69E6}.AppStore|Any CPU.ActiveCfg = Release|Any CPU
		{8C50427D-6C50-4B21-AA75-9DC2AD9E69E6}.AppStore|Any CPU.Build.0 = Release|Any CPU
		{8C50427D-6C50-4B21-AA75-9DC2AD9E69E6}.AppStore|Any CPU.Deploy.0 = Release|Any CPU
		{8C50427D-6C50-4B21-AA75-9DC2AD9E69E6}.AppStore|ARM.ActiveCfg = Release|Any CPU
		{8C50427D-6C50-4B21-AA75-9DC2AD9E69E6}.AppStore|ARM.Build.0 = Release|Any CPU
		{8C50427D-6C50-4B21-AA75-9DC2AD9E69E6}.AppStore|ARM.Deploy.0 = Release|Any CPU
		{8C50427D-6C50-4B21-AA75-9DC2AD9E69E6}.AppStore|iPhone.ActiveCfg = Release|Any CPU
		{8C50427D-6C50-4B21-AA75-9DC2AD9E69E6}.AppStore|iPhone.Build.0 = Release|Any CPU
		{8C50427D-6C50-4B21-AA75-9DC2AD9E69E6}.AppStore|iPhone.Deploy.0 = Release|Any CPU
		{8C50427D-6C50-4B21-AA75-9DC2AD9E69E6}.AppStore|iPhoneSimulator.ActiveCfg = Release|Any CPU
		{8C50427D-6C50-4B21-AA75-9DC2AD9E69E6}.AppStore|iPhoneSimulator.Build.0 = Release|Any CPU
		{8C50427D-6C50-4B21-AA75-9DC2AD9E69E6}.AppStore|iPhoneSimulator.Deploy.0 = Release|Any CPU
		{8C50427D-6C50-4B21-AA75-9DC2AD9E69E6}.AppStore|x64.ActiveCfg = Release|Any CPU
		{8C50427D-6C50-4B21-AA75-9DC2AD9E69E6}.AppStore|x64.Build.0 = Release|Any CPU
		{8C50427D-6C50-4B21-AA75-9DC2AD9E69E6}.AppStore|x64.Deploy.0 = Release|Any CPU
		{8C50427D-6C50-4B21-AA75-9DC2AD9E69E6}.AppStore|x86.ActiveCfg = Release|Any CPU
		{8C50427D-6C50-4B21-AA75-9DC2AD9E69E6}.AppStore|x86.Build.0 = Release|Any CPU
		{8C50427D-6C50-4B21-AA75-9DC2AD9E69E6}.AppStore|x86.Deploy.0 = Release|Any CPU
		{8C50427D-6C50-4B21-AA75-9DC2AD9E69E6}.Debug|Any CPU.ActiveCfg = Debug|Any CPU
		{8C50427D-6C50-4B21-AA75-9DC2AD9E69E6}.Debug|Any CPU.Build.0 = Debug|Any CPU
		{8C50427D-6C50-4B21-AA75-9DC2AD9E69E6}.Debug|Any CPU.Deploy.0 = Debug|Any CPU
		{8C50427D-6C50-4B21-AA75-9DC2AD9E69E6}.Debug|ARM.ActiveCfg = Debug|Any CPU
		{8C50427D-6C50-4B21-AA75-9DC2AD9E69E6}.Debug|ARM.Build.0 = Debug|Any CPU
		{8C50427D-6C50-4B21-AA75-9DC2AD9E69E6}.Debug|ARM.Deploy.0 = Debug|Any CPU
		{8C50427D-6C50-4B21-AA75-9DC2AD9E69E6}.Debug|iPhone.ActiveCfg = Debug|Any CPU
		{8C50427D-6C50-4B21-AA75-9DC2AD9E69E6}.Debug|iPhone.Build.0 = Debug|Any CPU
		{8C50427D-6C50-4B21-AA75-9DC2AD9E69E6}.Debug|iPhone.Deploy.0 = Debug|Any CPU
		{8C50427D-6C50-4B21-AA75-9DC2AD9E69E6}.Debug|iPhoneSimulator.ActiveCfg = Debug|Any CPU
		{8C50427D-6C50-4B21-AA75-9DC2AD9E69E6}.Debug|iPhoneSimulator.Build.0 = Debug|Any CPU
		{8C50427D-6C50-4B21-AA75-9DC2AD9E69E6}.Debug|iPhoneSimulator.Deploy.0 = Debug|Any CPU
		{8C50427D-6C50-4B21-AA75-9DC2AD9E69E6}.Debug|x64.ActiveCfg = Debug|Any CPU
		{8C50427D-6C50-4B21-AA75-9DC2AD9E69E6}.Debug|x64.Build.0 = Debug|Any CPU
		{8C50427D-6C50-4B21-AA75-9DC2AD9E69E6}.Debug|x64.Deploy.0 = Debug|Any CPU
		{8C50427D-6C50-4B21-AA75-9DC2AD9E69E6}.Debug|x86.ActiveCfg = Debug|Any CPU
		{8C50427D-6C50-4B21-AA75-9DC2AD9E69E6}.Debug|x86.Build.0 = Debug|Any CPU
		{8C50427D-6C50-4B21-AA75-9DC2AD9E69E6}.Debug|x86.Deploy.0 = Debug|Any CPU
		{8C50427D-6C50-4B21-AA75-9DC2AD9E69E6}.Release|Any CPU.ActiveCfg = Release|Any CPU
		{8C50427D-6C50-4B21-AA75-9DC2AD9E69E6}.Release|Any CPU.Build.0 = Release|Any CPU
		{8C50427D-6C50-4B21-AA75-9DC2AD9E69E6}.Release|Any CPU.Deploy.0 = Release|Any CPU
		{8C50427D-6C50-4B21-AA75-9DC2AD9E69E6}.Release|ARM.ActiveCfg = Release|Any CPU
		{8C50427D-6C50-4B21-AA75-9DC2AD9E69E6}.Release|ARM.Build.0 = Release|Any CPU
		{8C50427D-6C50-4B21-AA75-9DC2AD9E69E6}.Release|ARM.Deploy.0 = Release|Any CPU
		{8C50427D-6C50-4B21-AA75-9DC2AD9E69E6}.Release|iPhone.ActiveCfg = Release|Any CPU
		{8C50427D-6C50-4B21-AA75-9DC2AD9E69E6}.Release|iPhone.Build.0 = Release|Any CPU
		{8C50427D-6C50-4B21-AA75-9DC2AD9E69E6}.Release|iPhone.Deploy.0 = Release|Any CPU
		{8C50427D-6C50-4B21-AA75-9DC2AD9E69E6}.Release|iPhoneSimulator.ActiveCfg = Release|Any CPU
		{8C50427D-6C50-4B21-AA75-9DC2AD9E69E6}.Release|iPhoneSimulator.Build.0 = Release|Any CPU
		{8C50427D-6C50-4B21-AA75-9DC2AD9E69E6}.Release|iPhoneSimulator.Deploy.0 = Release|Any CPU
		{8C50427D-6C50-4B21-AA75-9DC2AD9E69E6}.Release|x64.ActiveCfg = Release|Any CPU
		{8C50427D-6C50-4B21-AA75-9DC2AD9E69E6}.Release|x64.Build.0 = Release|Any CPU
		{8C50427D-6C50-4B21-AA75-9DC2AD9E69E6}.Release|x64.Deploy.0 = Release|Any CPU
		{8C50427D-6C50-4B21-AA75-9DC2AD9E69E6}.Release|x86.ActiveCfg = Release|Any CPU
		{8C50427D-6C50-4B21-AA75-9DC2AD9E69E6}.Release|x86.Build.0 = Release|Any CPU
		{8C50427D-6C50-4B21-AA75-9DC2AD9E69E6}.Release|x86.Deploy.0 = Release|Any CPU
		{C0E1D0E2-39EC-466A-A10C-704DE003AA61}.Ad-Hoc|Any CPU.ActiveCfg = Ad-Hoc|iPhone
		{C0E1D0E2-39EC-466A-A10C-704DE003AA61}.Ad-Hoc|ARM.ActiveCfg = Ad-Hoc|iPhone
		{C0E1D0E2-39EC-466A-A10C-704DE003AA61}.Ad-Hoc|iPhone.ActiveCfg = Ad-Hoc|iPhone
		{C0E1D0E2-39EC-466A-A10C-704DE003AA61}.Ad-Hoc|iPhone.Build.0 = Ad-Hoc|iPhone
		{C0E1D0E2-39EC-466A-A10C-704DE003AA61}.Ad-Hoc|iPhoneSimulator.ActiveCfg = Ad-Hoc|iPhoneSimulator
		{C0E1D0E2-39EC-466A-A10C-704DE003AA61}.Ad-Hoc|iPhoneSimulator.Build.0 = Ad-Hoc|iPhoneSimulator
		{C0E1D0E2-39EC-466A-A10C-704DE003AA61}.Ad-Hoc|x64.ActiveCfg = Ad-Hoc|iPhone
		{C0E1D0E2-39EC-466A-A10C-704DE003AA61}.Ad-Hoc|x86.ActiveCfg = Ad-Hoc|iPhone
		{C0E1D0E2-39EC-466A-A10C-704DE003AA61}.AppStore|Any CPU.ActiveCfg = AppStore|iPhone
		{C0E1D0E2-39EC-466A-A10C-704DE003AA61}.AppStore|ARM.ActiveCfg = AppStore|iPhone
		{C0E1D0E2-39EC-466A-A10C-704DE003AA61}.AppStore|iPhone.ActiveCfg = AppStore|iPhone
		{C0E1D0E2-39EC-466A-A10C-704DE003AA61}.AppStore|iPhone.Build.0 = AppStore|iPhone
		{C0E1D0E2-39EC-466A-A10C-704DE003AA61}.AppStore|iPhoneSimulator.ActiveCfg = AppStore|iPhoneSimulator
		{C0E1D0E2-39EC-466A-A10C-704DE003AA61}.AppStore|iPhoneSimulator.Build.0 = AppStore|iPhoneSimulator
		{C0E1D0E2-39EC-466A-A10C-704DE003AA61}.AppStore|x64.ActiveCfg = AppStore|iPhone
		{C0E1D0E2-39EC-466A-A10C-704DE003AA61}.AppStore|x86.ActiveCfg = AppStore|iPhone
		{C0E1D0E2-39EC-466A-A10C-704DE003AA61}.Debug|Any CPU.ActiveCfg = Debug|iPhone
		{C0E1D0E2-39EC-466A-A10C-704DE003AA61}.Debug|ARM.ActiveCfg = Debug|iPhone
		{C0E1D0E2-39EC-466A-A10C-704DE003AA61}.Debug|iPhone.ActiveCfg = Debug|iPhone
		{C0E1D0E2-39EC-466A-A10C-704DE003AA61}.Debug|iPhone.Build.0 = Debug|iPhone
		{C0E1D0E2-39EC-466A-A10C-704DE003AA61}.Debug|iPhoneSimulator.ActiveCfg = Debug|iPhoneSimulator
		{C0E1D0E2-39EC-466A-A10C-704DE003AA61}.Debug|iPhoneSimulator.Build.0 = Debug|iPhoneSimulator
		{C0E1D0E2-39EC-466A-A10C-704DE003AA61}.Debug|x64.ActiveCfg = Debug|iPhone
		{C0E1D0E2-39EC-466A-A10C-704DE003AA61}.Debug|x86.ActiveCfg = Debug|iPhone
		{C0E1D0E2-39EC-466A-A10C-704DE003AA61}.Release|Any CPU.ActiveCfg = Release|iPhone
		{C0E1D0E2-39EC-466A-A10C-704DE003AA61}.Release|ARM.ActiveCfg = Release|iPhone
		{C0E1D0E2-39EC-466A-A10C-704DE003AA61}.Release|iPhone.ActiveCfg = Release|iPhone
		{C0E1D0E2-39EC-466A-A10C-704DE003AA61}.Release|iPhone.Build.0 = Release|iPhone
		{C0E1D0E2-39EC-466A-A10C-704DE003AA61}.Release|iPhoneSimulator.ActiveCfg = Release|iPhoneSimulator
		{C0E1D0E2-39EC-466A-A10C-704DE003AA61}.Release|iPhoneSimulator.Build.0 = Release|iPhoneSimulator
		{C0E1D0E2-39EC-466A-A10C-704DE003AA61}.Release|x64.ActiveCfg = Release|iPhone
		{C0E1D0E2-39EC-466A-A10C-704DE003AA61}.Release|x86.ActiveCfg = Release|iPhone
		{BB8238C3-399C-49FF-81B7-0BB171D1BF7F}.Ad-Hoc|Any CPU.ActiveCfg = Release|Any CPU
		{BB8238C3-399C-49FF-81B7-0BB171D1BF7F}.Ad-Hoc|Any CPU.Build.0 = Release|Any CPU
		{BB8238C3-399C-49FF-81B7-0BB171D1BF7F}.Ad-Hoc|Any CPU.Deploy.0 = Release|Any CPU
		{BB8238C3-399C-49FF-81B7-0BB171D1BF7F}.Ad-Hoc|ARM.ActiveCfg = Release|ARM
		{BB8238C3-399C-49FF-81B7-0BB171D1BF7F}.Ad-Hoc|ARM.Build.0 = Release|ARM
		{BB8238C3-399C-49FF-81B7-0BB171D1BF7F}.Ad-Hoc|ARM.Deploy.0 = Release|ARM
		{BB8238C3-399C-49FF-81B7-0BB171D1BF7F}.Ad-Hoc|iPhone.ActiveCfg = Release|Any CPU
		{BB8238C3-399C-49FF-81B7-0BB171D1BF7F}.Ad-Hoc|iPhone.Build.0 = Release|Any CPU
		{BB8238C3-399C-49FF-81B7-0BB171D1BF7F}.Ad-Hoc|iPhone.Deploy.0 = Release|Any CPU
		{BB8238C3-399C-49FF-81B7-0BB171D1BF7F}.Ad-Hoc|iPhoneSimulator.ActiveCfg = Release|Any CPU
		{BB8238C3-399C-49FF-81B7-0BB171D1BF7F}.Ad-Hoc|iPhoneSimulator.Build.0 = Release|Any CPU
		{BB8238C3-399C-49FF-81B7-0BB171D1BF7F}.Ad-Hoc|iPhoneSimulator.Deploy.0 = Release|Any CPU
		{BB8238C3-399C-49FF-81B7-0BB171D1BF7F}.Ad-Hoc|x64.ActiveCfg = Release|Any CPU
		{BB8238C3-399C-49FF-81B7-0BB171D1BF7F}.Ad-Hoc|x64.Build.0 = Release|Any CPU
		{BB8238C3-399C-49FF-81B7-0BB171D1BF7F}.Ad-Hoc|x64.Deploy.0 = Release|Any CPU
		{BB8238C3-399C-49FF-81B7-0BB171D1BF7F}.Ad-Hoc|x86.ActiveCfg = Release|x86
		{BB8238C3-399C-49FF-81B7-0BB171D1BF7F}.Ad-Hoc|x86.Build.0 = Release|x86
		{BB8238C3-399C-49FF-81B7-0BB171D1BF7F}.Ad-Hoc|x86.Deploy.0 = Release|x86
		{BB8238C3-399C-49FF-81B7-0BB171D1BF7F}.AppStore|Any CPU.ActiveCfg = Release|Any CPU
		{BB8238C3-399C-49FF-81B7-0BB171D1BF7F}.AppStore|Any CPU.Build.0 = Release|Any CPU
		{BB8238C3-399C-49FF-81B7-0BB171D1BF7F}.AppStore|Any CPU.Deploy.0 = Release|Any CPU
		{BB8238C3-399C-49FF-81B7-0BB171D1BF7F}.AppStore|ARM.ActiveCfg = Release|ARM
		{BB8238C3-399C-49FF-81B7-0BB171D1BF7F}.AppStore|ARM.Build.0 = Release|ARM
		{BB8238C3-399C-49FF-81B7-0BB171D1BF7F}.AppStore|ARM.Deploy.0 = Release|ARM
		{BB8238C3-399C-49FF-81B7-0BB171D1BF7F}.AppStore|iPhone.ActiveCfg = Release|Any CPU
		{BB8238C3-399C-49FF-81B7-0BB171D1BF7F}.AppStore|iPhone.Build.0 = Release|Any CPU
		{BB8238C3-399C-49FF-81B7-0BB171D1BF7F}.AppStore|iPhone.Deploy.0 = Release|Any CPU
		{BB8238C3-399C-49FF-81B7-0BB171D1BF7F}.AppStore|iPhoneSimulator.ActiveCfg = Release|Any CPU
		{BB8238C3-399C-49FF-81B7-0BB171D1BF7F}.AppStore|iPhoneSimulator.Build.0 = Release|Any CPU
		{BB8238C3-399C-49FF-81B7-0BB171D1BF7F}.AppStore|iPhoneSimulator.Deploy.0 = Release|Any CPU
		{BB8238C3-399C-49FF-81B7-0BB171D1BF7F}.AppStore|x64.ActiveCfg = Release|Any CPU
		{BB8238C3-399C-49FF-81B7-0BB171D1BF7F}.AppStore|x64.Build.0 = Release|Any CPU
		{BB8238C3-399C-49FF-81B7-0BB171D1BF7F}.AppStore|x64.Deploy.0 = Release|Any CPU
		{BB8238C3-399C-49FF-81B7-0BB171D1BF7F}.AppStore|x86.ActiveCfg = Release|x86
		{BB8238C3-399C-49FF-81B7-0BB171D1BF7F}.AppStore|x86.Build.0 = Release|x86
		{BB8238C3-399C-49FF-81B7-0BB171D1BF7F}.AppStore|x86.Deploy.0 = Release|x86
		{BB8238C3-399C-49FF-81B7-0BB171D1BF7F}.Debug|Any CPU.ActiveCfg = Debug|Any CPU
		{BB8238C3-399C-49FF-81B7-0BB171D1BF7F}.Debug|Any CPU.Build.0 = Debug|Any CPU
		{BB8238C3-399C-49FF-81B7-0BB171D1BF7F}.Debug|Any CPU.Deploy.0 = Debug|Any CPU
		{BB8238C3-399C-49FF-81B7-0BB171D1BF7F}.Debug|ARM.ActiveCfg = Debug|ARM
		{BB8238C3-399C-49FF-81B7-0BB171D1BF7F}.Debug|ARM.Build.0 = Debug|ARM
		{BB8238C3-399C-49FF-81B7-0BB171D1BF7F}.Debug|ARM.Deploy.0 = Debug|ARM
		{BB8238C3-399C-49FF-81B7-0BB171D1BF7F}.Debug|iPhone.ActiveCfg = Debug|Any CPU
		{BB8238C3-399C-49FF-81B7-0BB171D1BF7F}.Debug|iPhone.Build.0 = Debug|Any CPU
		{BB8238C3-399C-49FF-81B7-0BB171D1BF7F}.Debug|iPhone.Deploy.0 = Debug|Any CPU
		{BB8238C3-399C-49FF-81B7-0BB171D1BF7F}.Debug|iPhoneSimulator.ActiveCfg = Debug|Any CPU
		{BB8238C3-399C-49FF-81B7-0BB171D1BF7F}.Debug|iPhoneSimulator.Build.0 = Debug|Any CPU
		{BB8238C3-399C-49FF-81B7-0BB171D1BF7F}.Debug|iPhoneSimulator.Deploy.0 = Debug|Any CPU
		{BB8238C3-399C-49FF-81B7-0BB171D1BF7F}.Debug|x64.ActiveCfg = Debug|Any CPU
		{BB8238C3-399C-49FF-81B7-0BB171D1BF7F}.Debug|x64.Build.0 = Debug|Any CPU
		{BB8238C3-399C-49FF-81B7-0BB171D1BF7F}.Debug|x64.Deploy.0 = Debug|Any CPU
		{BB8238C3-399C-49FF-81B7-0BB171D1BF7F}.Debug|x86.ActiveCfg = Debug|x86
		{BB8238C3-399C-49FF-81B7-0BB171D1BF7F}.Debug|x86.Build.0 = Debug|x86
		{BB8238C3-399C-49FF-81B7-0BB171D1BF7F}.Debug|x86.Deploy.0 = Debug|x86
		{BB8238C3-399C-49FF-81B7-0BB171D1BF7F}.Release|Any CPU.ActiveCfg = Release|Any CPU
		{BB8238C3-399C-49FF-81B7-0BB171D1BF7F}.Release|Any CPU.Build.0 = Release|Any CPU
		{BB8238C3-399C-49FF-81B7-0BB171D1BF7F}.Release|Any CPU.Deploy.0 = Release|Any CPU
		{BB8238C3-399C-49FF-81B7-0BB171D1BF7F}.Release|ARM.ActiveCfg = Release|ARM
		{BB8238C3-399C-49FF-81B7-0BB171D1BF7F}.Release|ARM.Build.0 = Release|ARM
		{BB8238C3-399C-49FF-81B7-0BB171D1BF7F}.Release|ARM.Deploy.0 = Release|ARM
		{BB8238C3-399C-49FF-81B7-0BB171D1BF7F}.Release|iPhone.ActiveCfg = Release|Any CPU
		{BB8238C3-399C-49FF-81B7-0BB171D1BF7F}.Release|iPhone.Build.0 = Release|Any CPU
		{BB8238C3-399C-49FF-81B7-0BB171D1BF7F}.Release|iPhone.Deploy.0 = Release|Any CPU
		{BB8238C3-399C-49FF-81B7-0BB171D1BF7F}.Release|iPhoneSimulator.ActiveCfg = Release|Any CPU
		{BB8238C3-399C-49FF-81B7-0BB171D1BF7F}.Release|iPhoneSimulator.Build.0 = Release|Any CPU
		{BB8238C3-399C-49FF-81B7-0BB171D1BF7F}.Release|iPhoneSimulator.Deploy.0 = Release|Any CPU
		{BB8238C3-399C-49FF-81B7-0BB171D1BF7F}.Release|x64.ActiveCfg = Release|Any CPU
		{BB8238C3-399C-49FF-81B7-0BB171D1BF7F}.Release|x64.Build.0 = Release|Any CPU
		{BB8238C3-399C-49FF-81B7-0BB171D1BF7F}.Release|x64.Deploy.0 = Release|Any CPU
		{BB8238C3-399C-49FF-81B7-0BB171D1BF7F}.Release|x86.ActiveCfg = Release|x86
		{BB8238C3-399C-49FF-81B7-0BB171D1BF7F}.Release|x86.Build.0 = Release|x86
		{BB8238C3-399C-49FF-81B7-0BB171D1BF7F}.Release|x86.Deploy.0 = Release|x86
		{FFEA0262-1637-4522-9E8A-FEE3F59A3AE2}.Ad-Hoc|Any CPU.ActiveCfg = Release|Any CPU
		{FFEA0262-1637-4522-9E8A-FEE3F59A3AE2}.Ad-Hoc|Any CPU.Build.0 = Release|Any CPU
		{FFEA0262-1637-4522-9E8A-FEE3F59A3AE2}.Ad-Hoc|Any CPU.Deploy.0 = Release|Any CPU
		{FFEA0262-1637-4522-9E8A-FEE3F59A3AE2}.Ad-Hoc|ARM.ActiveCfg = Release|ARM
		{FFEA0262-1637-4522-9E8A-FEE3F59A3AE2}.Ad-Hoc|ARM.Build.0 = Release|ARM
		{FFEA0262-1637-4522-9E8A-FEE3F59A3AE2}.Ad-Hoc|ARM.Deploy.0 = Release|ARM
		{FFEA0262-1637-4522-9E8A-FEE3F59A3AE2}.Ad-Hoc|iPhone.ActiveCfg = Release|Any CPU
		{FFEA0262-1637-4522-9E8A-FEE3F59A3AE2}.Ad-Hoc|iPhone.Build.0 = Release|Any CPU
		{FFEA0262-1637-4522-9E8A-FEE3F59A3AE2}.Ad-Hoc|iPhone.Deploy.0 = Release|Any CPU
		{FFEA0262-1637-4522-9E8A-FEE3F59A3AE2}.Ad-Hoc|iPhoneSimulator.ActiveCfg = Release|Any CPU
		{FFEA0262-1637-4522-9E8A-FEE3F59A3AE2}.Ad-Hoc|iPhoneSimulator.Build.0 = Release|Any CPU
		{FFEA0262-1637-4522-9E8A-FEE3F59A3AE2}.Ad-Hoc|iPhoneSimulator.Deploy.0 = Release|Any CPU
		{FFEA0262-1637-4522-9E8A-FEE3F59A3AE2}.Ad-Hoc|x64.ActiveCfg = Release|x64
		{FFEA0262-1637-4522-9E8A-FEE3F59A3AE2}.Ad-Hoc|x64.Build.0 = Release|x64
		{FFEA0262-1637-4522-9E8A-FEE3F59A3AE2}.Ad-Hoc|x64.Deploy.0 = Release|x64
		{FFEA0262-1637-4522-9E8A-FEE3F59A3AE2}.Ad-Hoc|x86.ActiveCfg = Release|x86
		{FFEA0262-1637-4522-9E8A-FEE3F59A3AE2}.Ad-Hoc|x86.Build.0 = Release|x86
		{FFEA0262-1637-4522-9E8A-FEE3F59A3AE2}.Ad-Hoc|x86.Deploy.0 = Release|x86
		{FFEA0262-1637-4522-9E8A-FEE3F59A3AE2}.AppStore|Any CPU.ActiveCfg = Release|Any CPU
		{FFEA0262-1637-4522-9E8A-FEE3F59A3AE2}.AppStore|Any CPU.Build.0 = Release|Any CPU
		{FFEA0262-1637-4522-9E8A-FEE3F59A3AE2}.AppStore|Any CPU.Deploy.0 = Release|Any CPU
		{FFEA0262-1637-4522-9E8A-FEE3F59A3AE2}.AppStore|ARM.ActiveCfg = Release|ARM
		{FFEA0262-1637-4522-9E8A-FEE3F59A3AE2}.AppStore|ARM.Build.0 = Release|ARM
		{FFEA0262-1637-4522-9E8A-FEE3F59A3AE2}.AppStore|ARM.Deploy.0 = Release|ARM
		{FFEA0262-1637-4522-9E8A-FEE3F59A3AE2}.AppStore|iPhone.ActiveCfg = Release|Any CPU
		{FFEA0262-1637-4522-9E8A-FEE3F59A3AE2}.AppStore|iPhone.Build.0 = Release|Any CPU
		{FFEA0262-1637-4522-9E8A-FEE3F59A3AE2}.AppStore|iPhone.Deploy.0 = Release|Any CPU
		{FFEA0262-1637-4522-9E8A-FEE3F59A3AE2}.AppStore|iPhoneSimulator.ActiveCfg = Release|Any CPU
		{FFEA0262-1637-4522-9E8A-FEE3F59A3AE2}.AppStore|iPhoneSimulator.Build.0 = Release|Any CPU
		{FFEA0262-1637-4522-9E8A-FEE3F59A3AE2}.AppStore|iPhoneSimulator.Deploy.0 = Release|Any CPU
		{FFEA0262-1637-4522-9E8A-FEE3F59A3AE2}.AppStore|x64.ActiveCfg = Release|x64
		{FFEA0262-1637-4522-9E8A-FEE3F59A3AE2}.AppStore|x64.Build.0 = Release|x64
		{FFEA0262-1637-4522-9E8A-FEE3F59A3AE2}.AppStore|x64.Deploy.0 = Release|x64
		{FFEA0262-1637-4522-9E8A-FEE3F59A3AE2}.AppStore|x86.ActiveCfg = Release|x86
		{FFEA0262-1637-4522-9E8A-FEE3F59A3AE2}.AppStore|x86.Build.0 = Release|x86
		{FFEA0262-1637-4522-9E8A-FEE3F59A3AE2}.AppStore|x86.Deploy.0 = Release|x86
		{FFEA0262-1637-4522-9E8A-FEE3F59A3AE2}.Debug|Any CPU.ActiveCfg = Debug|Any CPU
		{FFEA0262-1637-4522-9E8A-FEE3F59A3AE2}.Debug|Any CPU.Build.0 = Debug|Any CPU
		{FFEA0262-1637-4522-9E8A-FEE3F59A3AE2}.Debug|Any CPU.Deploy.0 = Debug|Any CPU
		{FFEA0262-1637-4522-9E8A-FEE3F59A3AE2}.Debug|ARM.ActiveCfg = Debug|ARM
		{FFEA0262-1637-4522-9E8A-FEE3F59A3AE2}.Debug|ARM.Build.0 = Debug|ARM
		{FFEA0262-1637-4522-9E8A-FEE3F59A3AE2}.Debug|ARM.Deploy.0 = Debug|ARM
		{FFEA0262-1637-4522-9E8A-FEE3F59A3AE2}.Debug|iPhone.ActiveCfg = Debug|Any CPU
		{FFEA0262-1637-4522-9E8A-FEE3F59A3AE2}.Debug|iPhone.Build.0 = Debug|Any CPU
		{FFEA0262-1637-4522-9E8A-FEE3F59A3AE2}.Debug|iPhone.Deploy.0 = Debug|Any CPU
		{FFEA0262-1637-4522-9E8A-FEE3F59A3AE2}.Debug|iPhoneSimulator.ActiveCfg = Debug|Any CPU
		{FFEA0262-1637-4522-9E8A-FEE3F59A3AE2}.Debug|iPhoneSimulator.Build.0 = Debug|Any CPU
		{FFEA0262-1637-4522-9E8A-FEE3F59A3AE2}.Debug|iPhoneSimulator.Deploy.0 = Debug|Any CPU
		{FFEA0262-1637-4522-9E8A-FEE3F59A3AE2}.Debug|x64.ActiveCfg = Debug|x64
		{FFEA0262-1637-4522-9E8A-FEE3F59A3AE2}.Debug|x64.Build.0 = Debug|x64
		{FFEA0262-1637-4522-9E8A-FEE3F59A3AE2}.Debug|x64.Deploy.0 = Debug|x64
		{FFEA0262-1637-4522-9E8A-FEE3F59A3AE2}.Debug|x86.ActiveCfg = Debug|x86
		{FFEA0262-1637-4522-9E8A-FEE3F59A3AE2}.Debug|x86.Build.0 = Debug|x86
		{FFEA0262-1637-4522-9E8A-FEE3F59A3AE2}.Debug|x86.Deploy.0 = Debug|x86
		{FFEA0262-1637-4522-9E8A-FEE3F59A3AE2}.Release|Any CPU.ActiveCfg = Release|Any CPU
		{FFEA0262-1637-4522-9E8A-FEE3F59A3AE2}.Release|Any CPU.Build.0 = Release|Any CPU
		{FFEA0262-1637-4522-9E8A-FEE3F59A3AE2}.Release|Any CPU.Deploy.0 = Release|Any CPU
		{FFEA0262-1637-4522-9E8A-FEE3F59A3AE2}.Release|ARM.ActiveCfg = Release|ARM
		{FFEA0262-1637-4522-9E8A-FEE3F59A3AE2}.Release|ARM.Build.0 = Release|ARM
		{FFEA0262-1637-4522-9E8A-FEE3F59A3AE2}.Release|ARM.Deploy.0 = Release|ARM
		{FFEA0262-1637-4522-9E8A-FEE3F59A3AE2}.Release|iPhone.ActiveCfg = Release|Any CPU
		{FFEA0262-1637-4522-9E8A-FEE3F59A3AE2}.Release|iPhone.Build.0 = Release|Any CPU
		{FFEA0262-1637-4522-9E8A-FEE3F59A3AE2}.Release|iPhone.Deploy.0 = Release|Any CPU
		{FFEA0262-1637-4522-9E8A-FEE3F59A3AE2}.Release|iPhoneSimulator.ActiveCfg = Release|Any CPU
		{FFEA0262-1637-4522-9E8A-FEE3F59A3AE2}.Release|iPhoneSimulator.Build.0 = Release|Any CPU
		{FFEA0262-1637-4522-9E8A-FEE3F59A3AE2}.Release|iPhoneSimulator.Deploy.0 = Release|Any CPU
		{FFEA0262-1637-4522-9E8A-FEE3F59A3AE2}.Release|x64.ActiveCfg = Release|x64
		{FFEA0262-1637-4522-9E8A-FEE3F59A3AE2}.Release|x64.Build.0 = Release|x64
		{FFEA0262-1637-4522-9E8A-FEE3F59A3AE2}.Release|x64.Deploy.0 = Release|x64
		{FFEA0262-1637-4522-9E8A-FEE3F59A3AE2}.Release|x86.ActiveCfg = Release|x86
		{FFEA0262-1637-4522-9E8A-FEE3F59A3AE2}.Release|x86.Build.0 = Release|x86
		{FFEA0262-1637-4522-9E8A-FEE3F59A3AE2}.Release|x86.Deploy.0 = Release|x86
	EndGlobalSection
	GlobalSection(SolutionProperties) = preSolution
		HideSolutionNode = FALSE
	EndGlobalSection
EndGlobal
